
Microsoft Visual Studio Solution File, Format Version 12.00
# Visual Studio 14
VisualStudioVersion = 14.0.25123.0
MinimumVisualStudioVersion = 10.0.40219.1
Project("{FAE04EC0-301F-11D3-BF4B-00C04F79EFBC}") = "XamarinFormsTest", "XamarinFormsTest\XamarinFormsTest\XamarinFormsTest.csproj", "{AD5307DA-442D-47AC-B549-E3CA5203438C}"
EndProject
Project("{FAE04EC0-301F-11D3-BF4B-00C04F79EFBC}") = "XamarinFormsTest.iOS", "XamarinFormsTest\XamarinFormsTest.iOS\XamarinFormsTest.iOS.csproj", "{36116B1E-9816-49A1-9AF5-63105838D506}"
EndProject
Project("{FAE04EC0-301F-11D3-BF4B-00C04F79EFBC}") = "XamarinFormsTest.Droid", "XamarinFormsTest\XamarinFormsTest.Droid\XamarinFormsTest.Droid.csproj", "{355B9FD1-43E2-40F0-AE6D-10774FCB3D07}"
EndProject
Global
	GlobalSection(SolutionConfigurationPlatforms) = preSolution
		Ad-Hoc|Any CPU = Ad-Hoc|Any CPU
		Ad-Hoc|iPhone = Ad-Hoc|iPhone
		Ad-Hoc|iPhoneSimulator = Ad-Hoc|iPhoneSimulator
		AppStore|Any CPU = AppStore|Any CPU
		AppStore|iPhone = AppStore|iPhone
		AppStore|iPhoneSimulator = AppStore|iPhoneSimulator
		Debug|Any CPU = Debug|Any CPU
		Debug|iPhone = Debug|iPhone
		Debug|iPhoneSimulator = Debug|iPhoneSimulator
		Release|Any CPU = Release|Any CPU
		Release|iPhone = Release|iPhone
		Release|iPhoneSimulator = Release|iPhoneSimulator
	EndGlobalSection
	GlobalSection(ProjectConfigurationPlatforms) = postSolution
		{AD5307DA-442D-47AC-B549-E3CA5203438C}.Ad-Hoc|Any CPU.ActiveCfg = Release|Any CPU
		{AD5307DA-442D-47AC-B549-E3CA5203438C}.Ad-Hoc|Any CPU.Build.0 = Release|Any CPU
		{AD5307DA-442D-47AC-B549-E3CA5203438C}.Ad-Hoc|iPhone.ActiveCfg = Release|Any CPU
		{AD5307DA-442D-47AC-B549-E3CA5203438C}.Ad-Hoc|iPhone.Build.0 = Release|Any CPU
		{AD5307DA-442D-47AC-B549-E3CA5203438C}.Ad-Hoc|iPhoneSimulator.ActiveCfg = Release|Any CPU
		{AD5307DA-442D-47AC-B549-E3CA5203438C}.Ad-Hoc|iPhoneSimulator.Build.0 = Release|Any CPU
		{AD5307DA-442D-47AC-B549-E3CA5203438C}.AppStore|Any CPU.ActiveCfg = Release|Any CPU
		{AD5307DA-442D-47AC-B549-E3CA5203438C}.AppStore|Any CPU.Build.0 = Release|Any CPU
		{AD5307DA-442D-47AC-B549-E3CA5203438C}.AppStore|iPhone.ActiveCfg = Release|Any CPU
		{AD5307DA-442D-47AC-B549-E3CA5203438C}.AppStore|iPhone.Build.0 = Release|Any CPU
		{AD5307DA-442D-47AC-B549-E3CA5203438C}.AppStore|iPhoneSimulator.ActiveCfg = Release|Any CPU
		{AD5307DA-442D-47AC-B549-E3CA5203438C}.AppStore|iPhoneSimulator.Build.0 = Release|Any CPU
		{AD5307DA-442D-47AC-B549-E3CA5203438C}.Debug|Any CPU.ActiveCfg = Debug|Any CPU
		{AD5307DA-442D-47AC-B549-E3CA5203438C}.Debug|Any CPU.Build.0 = Debug|Any CPU
		{AD5307DA-442D-47AC-B549-E3CA5203438C}.Debug|iPhone.ActiveCfg = Debug|Any CPU
		{AD5307DA-442D-47AC-B549-E3CA5203438C}.Debug|iPhone.Build.0 = Debug|Any CPU
		{AD5307DA-442D-47AC-B549-E3CA5203438C}.Debug|iPhoneSimulator.ActiveCfg = Debug|Any CPU
		{AD5307DA-442D-47AC-B549-E3CA5203438C}.Debug|iPhoneSimulator.Build.0 = Debug|Any CPU
		{AD5307DA-442D-47AC-B549-E3CA5203438C}.Release|Any CPU.ActiveCfg = Release|Any CPU
		{AD5307DA-442D-47AC-B549-E3CA5203438C}.Release|Any CPU.Build.0 = Release|Any CPU
		{AD5307DA-442D-47AC-B549-E3CA5203438C}.Release|iPhone.ActiveCfg = Release|Any CPU
		{AD5307DA-442D-47AC-B549-E3CA5203438C}.Release|iPhone.Build.0 = Release|Any CPU
		{AD5307DA-442D-47AC-B549-E3CA5203438C}.Release|iPhoneSimulator.ActiveCfg = Release|Any CPU
		{AD5307DA-442D-47AC-B549-E3CA5203438C}.Release|iPhoneSimulator.Build.0 = Release|Any CPU
		{36116B1E-9816-49A1-9AF5-63105838D506}.Ad-Hoc|Any CPU.ActiveCfg = Ad-Hoc|iPhone
		{36116B1E-9816-49A1-9AF5-63105838D506}.Ad-Hoc|iPhone.ActiveCfg = Ad-Hoc|iPhone
		{36116B1E-9816-49A1-9AF5-63105838D506}.Ad-Hoc|iPhone.Build.0 = Ad-Hoc|iPhone
		{36116B1E-9816-49A1-9AF5-63105838D506}.Ad-Hoc|iPhoneSimulator.ActiveCfg = Ad-Hoc|iPhoneSimulator
		{36116B1E-9816-49A1-9AF5-63105838D506}.Ad-Hoc|iPhoneSimulator.Build.0 = Ad-Hoc|iPhoneSimulator
		{36116B1E-9816-49A1-9AF5-63105838D506}.AppStore|Any CPU.ActiveCfg = AppStore|iPhone
		{36116B1E-9816-49A1-9AF5-63105838D506}.AppStore|iPhone.ActiveCfg = AppStore|iPhone
		{36116B1E-9816-49A1-9AF5-63105838D506}.AppStore|iPhone.Build.0 = AppStore|iPhone
		{36116B1E-9816-49A1-9AF5-63105838D506}.AppStore|iPhoneSimulator.ActiveCfg = AppStore|iPhoneSimulator
		{36116B1E-9816-49A1-9AF5-63105838D506}.AppStore|iPhoneSimulator.Build.0 = AppStore|iPhoneSimulator
		{36116B1E-9816-49A1-9AF5-63105838D506}.Debug|Any CPU.ActiveCfg = Debug|iPhone
		{36116B1E-9816-49A1-9AF5-63105838D506}.Debug|iPhone.ActiveCfg = Debug|iPhone
		{36116B1E-9816-49A1-9AF5-63105838D506}.Debug|iPhone.Build.0 = Debug|iPhone
		{36116B1E-9816-49A1-9AF5-63105838D506}.Debug|iPhoneSimulator.ActiveCfg = Debug|iPhoneSimulator
		{36116B1E-9816-49A1-9AF5-63105838D506}.Debug|iPhoneSimulator.Build.0 = Debug|iPhoneSimulator
		{36116B1E-9816-49A1-9AF5-63105838D506}.Release|Any CPU.ActiveCfg = Release|iPhone
		{36116B1E-9816-49A1-9AF5-63105838D506}.Release|iPhone.ActiveCfg = Release|iPhone
		{36116B1E-9816-49A1-9AF5-63105838D506}.Release|iPhone.Build.0 = Release|iPhone
		{36116B1E-9816-49A1-9AF5-63105838D506}.Release|iPhoneSimulator.ActiveCfg = Release|iPhoneSimulator
		{36116B1E-9816-49A1-9AF5-63105838D506}.Release|iPhoneSimulator.Build.0 = Release|iPhoneSimulator
		{355B9FD1-43E2-40F0-AE6D-10774FCB3D07}.Ad-Hoc|Any CPU.ActiveCfg = Release|Any CPU
		{355B9FD1-43E2-40F0-AE6D-10774FCB3D07}.Ad-Hoc|Any CPU.Build.0 = Release|Any CPU
		{355B9FD1-43E2-40F0-AE6D-10774FCB3D07}.Ad-Hoc|Any CPU.Deploy.0 = Release|Any CPU
		{355B9FD1-43E2-40F0-AE6D-10774FCB3D07}.Ad-Hoc|iPhone.ActiveCfg = Release|Any CPU
		{355B9FD1-43E2-40F0-AE6D-10774FCB3D07}.Ad-Hoc|iPhone.Build.0 = Release|Any CPU
		{355B9FD1-43E2-40F0-AE6D-10774FCB3D07}.Ad-Hoc|iPhone.Deploy.0 = Release|Any CPU
		{355B9FD1-43E2-40F0-AE6D-10774FCB3D07}.Ad-Hoc|iPhoneSimulator.ActiveCfg = Release|Any CPU
		{355B9FD1-43E2-40F0-AE6D-10774FCB3D07}.Ad-Hoc|iPhoneSimulator.Build.0 = Release|Any CPU
		{355B9FD1-43E2-40F0-AE6D-10774FCB3D07}.Ad-Hoc|iPhoneSimulator.Deploy.0 = Release|Any CPU
		{355B9FD1-43E2-40F0-AE6D-10774FCB3D07}.AppStore|Any CPU.ActiveCfg = Release|Any CPU
		{355B9FD1-43E2-40F0-AE6D-10774FCB3D07}.AppStore|Any CPU.Build.0 = Release|Any CPU
		{355B9FD1-43E2-40F0-AE6D-10774FCB3D07}.AppStore|Any CPU.Deploy.0 = Release|Any CPU
		{355B9FD1-43E2-40F0-AE6D-10774FCB3D07}.AppStore|iPhone.ActiveCfg = Release|Any CPU
		{355B9FD1-43E2-40F0-AE6D-10774FCB3D07}.AppStore|iPhone.Build.0 = Release|Any CPU
		{355B9FD1-43E2-40F0-AE6D-10774FCB3D07}.AppStore|iPhone.Deploy.0 = Release|Any CPU
		{355B9FD1-43E2-40F0-AE6D-10774FCB3D07}.AppStore|iPhoneSimulator.ActiveCfg = Release|Any CPU
		{355B9FD1-43E2-40F0-AE6D-10774FCB3D07}.AppStore|iPhoneSimulator.Build.0 = Release|Any CPU
		{355B9FD1-43E2-40F0-AE6D-10774FCB3D07}.AppStore|iPhoneSimulator.Deploy.0 = Release|Any CPU
		{355B9FD1-43E2-40F0-AE6D-10774FCB3D07}.Debug|Any CPU.ActiveCfg = Debug|Any CPU
		{355B9FD1-43E2-40F0-AE6D-10774FCB3D07}.Debug|Any CPU.Build.0 = Debug|Any CPU
		{355B9FD1-43E2-40F0-AE6D-10774FCB3D07}.Debug|Any CPU.Deploy.0 = Debug|Any CPU
		{355B9FD1-43E2-40F0-AE6D-10774FCB3D07}.Debug|iPhone.ActiveCfg = Debug|Any CPU
		{355B9FD1-43E2-40F0-AE6D-10774FCB3D07}.Debug|iPhone.Build.0 = Debug|Any CPU
		{355B9FD1-43E2-40F0-AE6D-10774FCB3D07}.Debug|iPhone.Deploy.0 = Debug|Any CPU
		{355B9FD1-43E2-40F0-AE6D-10774FCB3D07}.Debug|iPhoneSimulator.ActiveCfg = Debug|Any CPU
		{355B9FD1-43E2-40F0-AE6D-10774FCB3D07}.Debug|iPhoneSimulator.Build.0 = Debug|Any CPU
		{355B9FD1-43E2-40F0-AE6D-10774FCB3D07}.Debug|iPhoneSimulator.Deploy.0 = Debug|Any CPU
		{355B9FD1-43E2-40F0-AE6D-10774FCB3D07}.Release|Any CPU.ActiveCfg = Release|Any CPU
		{355B9FD1-43E2-40F0-AE6D-10774FCB3D07}.Release|Any CPU.Build.0 = Release|Any CPU
		{355B9FD1-43E2-40F0-AE6D-10774FCB3D07}.Release|Any CPU.Deploy.0 = Release|Any CPU
		{355B9FD1-43E2-40F0-AE6D-10774FCB3D07}.Release|iPhone.ActiveCfg = Release|Any CPU
		{355B9FD1-43E2-40F0-AE6D-10774FCB3D07}.Release|iPhone.Build.0 = Release|Any CPU
		{355B9FD1-43E2-40F0-AE6D-10774FCB3D07}.Release|iPhone.Deploy.0 = Release|Any CPU
		{355B9FD1-43E2-40F0-AE6D-10774FCB3D07}.Release|iPhoneSimulator.ActiveCfg = Release|Any CPU
		{355B9FD1-43E2-40F0-AE6D-10774FCB3D07}.Release|iPhoneSimulator.Build.0 = Release|Any CPU
		{355B9FD1-43E2-40F0-AE6D-10774FCB3D07}.Release|iPhoneSimulator.Deploy.0 = Release|Any CPU
	EndGlobalSection
	GlobalSection(SolutionProperties) = preSolution
		HideSolutionNode = FALSE
	EndGlobalSection
EndGlobal
